{
  "nodes": {
    "babel": {
      "inputs": {
        "nixpkgs": [
          "nixpkgs"
        ],
        "treefmt": "treefmt"
      },
      "locked": {
        "lastModified": 1739182810,
        "narHash": "sha256-BafQi/uszjbdvqPHpTvMqrKmDVD8NOd3PILJncznowg=",
        "owner": "dysthesis",
        "repo": "babel",
        "rev": "1a1231353b729589841e8fc6f9e879a90a639cb0",
        "type": "github"
      },
      "original": {
        "owner": "dysthesis",
        "repo": "babel",
        "type": "github"
      }
    },
    "nixpkgs": {
      "locked": {
        "lastModified": 1739179813,
        "narHash": "sha256-AMDPbWhuGookE9p7eIwoGB4FqeCBfvGqsFjeF6b5S80=",
        "owner": "NixOS",
        "repo": "nixpkgs",
        "rev": "e33f9e2a3c29aa6d48259403a3d8659b997bc0fd",
        "type": "github"
      },
      "original": {
        "owner": "NixOS",
        "repo": "nixpkgs",
        "type": "github"
      }
    },
    "root": {
      "inputs": {
        "babel": "babel",
        "nixpkgs": "nixpkgs",
        "treefmt-nix": "treefmt-nix"
      }
    },
    "treefmt": {
      "inputs": {
        "nixpkgs": [
          "babel",
          "nixpkgs"
        ]
      },
      "locked": {
        "lastModified": 1738953846,
        "narHash": "sha256-yrK3Hjcr8F7qS/j2F+r7C7o010eVWWlm4T1PrbKBOxQ=",
        "owner": "numtide",
        "repo": "treefmt-nix",
        "rev": "4f09b473c936d41582dd744e19f34ec27592c5fd",
        "type": "github"
      },
      "original": {
        "owner": "numtide",
        "repo": "treefmt-nix",
        "type": "github"
      }
    },
    "treefmt-nix": {
      "inputs": {
        "nixpkgs": [
          "nixpkgs"
        ]
      },
      "locked": {
        "lastModified": 1738953846,
        "narHash": "sha256-yrK3Hjcr8F7qS/j2F+r7C7o010eVWWlm4T1PrbKBOxQ=",
        "owner": "numtide",
        "repo": "treefmt-nix",
        "rev": "4f09b473c936d41582dd744e19f34ec27592c5fd",
        "type": "github"
      },
      "original": {
        "owner": "numtide",
        "repo": "treefmt-nix",
        "type": "github"
      }
    }
  },
  "root": "root",
  "version": 7
}
